// !$*UTF8*$!
{
	archiveVersion = 1;
	classes = {
	};
	objectVersion = 56;
	objects = {

/* Begin PBXBuildFile section */
		25AEF4A42B9973DD000CDA57 /* OnlineCinemaApp.swift in Sources */ = {isa = PBXBuildFile; fileRef = 25AEF4A32B9973DD000CDA57 /* OnlineCinemaApp.swift */; };
		25AEF4A62B9973DD000CDA57 /* ContentView.swift in Sources */ = {isa = PBXBuildFile; fileRef = 25AEF4A52B9973DD000CDA57 /* ContentView.swift */; };
		25AEF4A82B9973E6000CDA57 /* Assets.xcassets in Resources */ = {isa = PBXBuildFile; fileRef = 25AEF4A72B9973E6000CDA57 /* Assets.xcassets */; };
		25AEF4AB2B9973E6000CDA57 /* Preview Assets.xcassets in Resources */ = {isa = PBXBuildFile; fileRef = 25AEF4AA2B9973E6000CDA57 /* Preview Assets.xcassets */; };
		25AEF4B52B9973E6000CDA57 /* OnlineCinemaTests.swift in Sources */ = {isa = PBXBuildFile; fileRef = 25AEF4B42B9973E6000CDA57 /* OnlineCinemaTests.swift */; };
		25AEF4BF2B9973E6000CDA57 /* OnlineCinemaUITests.swift in Sources */ = {isa = PBXBuildFile; fileRef = 25AEF4BE2B9973E6000CDA57 /* OnlineCinemaUITests.swift */; };
		25AEF4C12B9973E6000CDA57 /* OnlineCinemaUITestsLaunchTests.swift in Sources */ = {isa = PBXBuildFile; fileRef = 25AEF4C02B9973E6000CDA57 /* OnlineCinemaUITestsLaunchTests.swift */; };
		6A8FD56C2B9F0A6600715033 /* Assembly.swift in Sources */ = {isa = PBXBuildFile; fileRef = 6A8FD5692B9F0A6600715033 /* Assembly.swift */; };
		6A8FD56D2B9F0A6600715033 /* Container.swift in Sources */ = {isa = PBXBuildFile; fileRef = 6A8FD56A2B9F0A6600715033 /* Container.swift */; };
		6A8FD56E2B9F0A6600715033 /* Injectable.swift in Sources */ = {isa = PBXBuildFile; fileRef = 6A8FD56B2B9F0A6600715033 /* Injectable.swift */; };
		6A8FD5702B9F0C4800715033 /* Configuration.swift in Sources */ = {isa = PBXBuildFile; fileRef = 6A8FD56F2B9F0C4800715033 /* Configuration.swift */; };
		6A8FD5732B9F0CC500715033 /* ApplicationLevelAssembly.swift in Sources */ = {isa = PBXBuildFile; fileRef = 6A8FD5722B9F0CC500715033 /* ApplicationLevelAssembly.swift */; };
		6A8FD5752B9F0E7500715033 /* AplicationConfigurator.swift in Sources */ = {isa = PBXBuildFile; fileRef = 6A8FD5742B9F0E7500715033 /* AplicationConfigurator.swift */; };
/* End PBXBuildFile section */

/* Begin PBXContainerItemProxy section */
		25AEF4B12B9973E6000CDA57 /* PBXContainerItemProxy */ = {
			isa = PBXContainerItemProxy;
			containerPortal = 25AEF4982B9973DD000CDA57 /* Project object */;
			proxyType = 1;
			remoteGlobalIDString = 25AEF49F2B9973DD000CDA57;
			remoteInfo = OnlineCinema;
		};
		25AEF4BB2B9973E6000CDA57 /* PBXContainerItemProxy */ = {
			isa = PBXContainerItemProxy;
			containerPortal = 25AEF4982B9973DD000CDA57 /* Project object */;
			proxyType = 1;
			remoteGlobalIDString = 25AEF49F2B9973DD000CDA57;
			remoteInfo = OnlineCinema;
		};
/* End PBXContainerItemProxy section */

/* Begin PBXFileReference section */
		25AEF4A02B9973DD000CDA57 /* OnlineCinema.app */ = {isa = PBXFileReference; explicitFileType = wrapper.application; includeInIndex = 0; path = OnlineCinema.app; sourceTree = BUILT_PRODUCTS_DIR; };
		25AEF4A32B9973DD000CDA57 /* OnlineCinemaApp.swift */ = {isa = PBXFileReference; lastKnownFileType = sourcecode.swift; path = OnlineCinemaApp.swift; sourceTree = "<group>"; };
		25AEF4A52B9973DD000CDA57 /* ContentView.swift */ = {isa = PBXFileReference; lastKnownFileType = sourcecode.swift; path = ContentView.swift; sourceTree = "<group>"; };
		25AEF4A72B9973E6000CDA57 /* Assets.xcassets */ = {isa = PBXFileReference; lastKnownFileType = folder.assetcatalog; path = Assets.xcassets; sourceTree = "<group>"; };
		25AEF4AA2B9973E6000CDA57 /* Preview Assets.xcassets */ = {isa = PBXFileReference; lastKnownFileType = folder.assetcatalog; path = "Preview Assets.xcassets"; sourceTree = "<group>"; };
		25AEF4B02B9973E6000CDA57 /* OnlineCinemaTests.xctest */ = {isa = PBXFileReference; explicitFileType = wrapper.cfbundle; includeInIndex = 0; path = OnlineCinemaTests.xctest; sourceTree = BUILT_PRODUCTS_DIR; };
		25AEF4B42B9973E6000CDA57 /* OnlineCinemaTests.swift */ = {isa = PBXFileReference; lastKnownFileType = sourcecode.swift; path = OnlineCinemaTests.swift; sourceTree = "<group>"; };
		25AEF4BA2B9973E6000CDA57 /* OnlineCinemaUITests.xctest */ = {isa = PBXFileReference; explicitFileType = wrapper.cfbundle; includeInIndex = 0; path = OnlineCinemaUITests.xctest; sourceTree = BUILT_PRODUCTS_DIR; };
		25AEF4BE2B9973E6000CDA57 /* OnlineCinemaUITests.swift */ = {isa = PBXFileReference; lastKnownFileType = sourcecode.swift; path = OnlineCinemaUITests.swift; sourceTree = "<group>"; };
		25AEF4C02B9973E6000CDA57 /* OnlineCinemaUITestsLaunchTests.swift */ = {isa = PBXFileReference; lastKnownFileType = sourcecode.swift; path = OnlineCinemaUITestsLaunchTests.swift; sourceTree = "<group>"; };
		6A8FD5692B9F0A6600715033 /* Assembly.swift */ = {isa = PBXFileReference; fileEncoding = 4; lastKnownFileType = sourcecode.swift; path = Assembly.swift; sourceTree = "<group>"; };
		6A8FD56A2B9F0A6600715033 /* Container.swift */ = {isa = PBXFileReference; fileEncoding = 4; lastKnownFileType = sourcecode.swift; path = Container.swift; sourceTree = "<group>"; };
		6A8FD56B2B9F0A6600715033 /* Injectable.swift */ = {isa = PBXFileReference; fileEncoding = 4; lastKnownFileType = sourcecode.swift; path = Injectable.swift; sourceTree = "<group>"; };
		6A8FD56F2B9F0C4800715033 /* Configuration.swift */ = {isa = PBXFileReference; lastKnownFileType = sourcecode.swift; path = Configuration.swift; sourceTree = "<group>"; };
		6A8FD5722B9F0CC500715033 /* ApplicationLevelAssembly.swift */ = {isa = PBXFileReference; lastKnownFileType = sourcecode.swift; path = ApplicationLevelAssembly.swift; sourceTree = "<group>"; };
		6A8FD5742B9F0E7500715033 /* AplicationConfigurator.swift */ = {isa = PBXFileReference; lastKnownFileType = sourcecode.swift; path = AplicationConfigurator.swift; sourceTree = "<group>"; };
/* End PBXFileReference section */

/* Begin PBXFrameworksBuildPhase section */
		25AEF49D2B9973DD000CDA57 /* Frameworks */ = {
			isa = PBXFrameworksBuildPhase;
			buildActionMask = 2147483647;
			files = (
			);
			runOnlyForDeploymentPostprocessing = 0;
		};
		25AEF4AD2B9973E6000CDA57 /* Frameworks */ = {
			isa = PBXFrameworksBuildPhase;
			buildActionMask = 2147483647;
			files = (
			);
			runOnlyForDeploymentPostprocessing = 0;
		};
		25AEF4B72B9973E6000CDA57 /* Frameworks */ = {
			isa = PBXFrameworksBuildPhase;
			buildActionMask = 2147483647;
			files = (
			);
			runOnlyForDeploymentPostprocessing = 0;
		};
/* End PBXFrameworksBuildPhase section */

/* Begin PBXGroup section */
		25AEF4972B9973DD000CDA57 = {
			isa = PBXGroup;
			children = (
				25AEF4A22B9973DD000CDA57 /* OnlineCinema */,
				25AEF4B32B9973E6000CDA57 /* OnlineCinemaTests */,
				25AEF4BD2B9973E6000CDA57 /* OnlineCinemaUITests */,
				25AEF4A12B9973DD000CDA57 /* Products */,
			);
			sourceTree = "<group>";
		};
		25AEF4A12B9973DD000CDA57 /* Products */ = {
			isa = PBXGroup;
			children = (
				25AEF4A02B9973DD000CDA57 /* OnlineCinema.app */,
				25AEF4B02B9973E6000CDA57 /* OnlineCinemaTests.xctest */,
				25AEF4BA2B9973E6000CDA57 /* OnlineCinemaUITests.xctest */,
			);
			name = Products;
			sourceTree = "<group>";
		};
		25AEF4A22B9973DD000CDA57 /* OnlineCinema */ = {
			isa = PBXGroup;
			children = (
				6A8FD5712B9F0C7D00715033 /* ApplicationLayer */,
				25AEF4A32B9973DD000CDA57 /* OnlineCinemaApp.swift */,
				25AEF4A52B9973DD000CDA57 /* ContentView.swift */,
				25AEF4A72B9973E6000CDA57 /* Assets.xcassets */,
				25AEF4A92B9973E6000CDA57 /* Preview Content */,
			);
			path = OnlineCinema;
			sourceTree = "<group>";
		};
		25AEF4A92B9973E6000CDA57 /* Preview Content */ = {
			isa = PBXGroup;
			children = (
				25AEF4AA2B9973E6000CDA57 /* Preview Assets.xcassets */,
			);
			path = "Preview Content";
			sourceTree = "<group>";
		};
		25AEF4B32B9973E6000CDA57 /* OnlineCinemaTests */ = {
			isa = PBXGroup;
			children = (
				25AEF4B42B9973E6000CDA57 /* OnlineCinemaTests.swift */,
			);
			path = OnlineCinemaTests;
			sourceTree = "<group>";
		};
		25AEF4BD2B9973E6000CDA57 /* OnlineCinemaUITests */ = {
			isa = PBXGroup;
			children = (
				25AEF4BE2B9973E6000CDA57 /* OnlineCinemaUITests.swift */,
				25AEF4C02B9973E6000CDA57 /* OnlineCinemaUITestsLaunchTests.swift */,
			);
			path = OnlineCinemaUITests;
			sourceTree = "<group>";
		};
		6A8FD5682B9F0A6600715033 /* DI */ = {
			isa = PBXGroup;
			children = (
				6A8FD56F2B9F0C4800715033 /* Configuration.swift */,
				6A8FD5692B9F0A6600715033 /* Assembly.swift */,
				6A8FD56A2B9F0A6600715033 /* Container.swift */,
				6A8FD56B2B9F0A6600715033 /* Injectable.swift */,
			);
			path = DI;
			sourceTree = "<group>";
		};
		6A8FD5712B9F0C7D00715033 /* ApplicationLayer */ = {
			isa = PBXGroup;
			children = (
				6A8FD5682B9F0A6600715033 /* DI */,
				6A8FD5722B9F0CC500715033 /* ApplicationLevelAssembly.swift */,
				6A8FD5742B9F0E7500715033 /* AplicationConfigurator.swift */,
			);
			path = ApplicationLayer;
			sourceTree = "<group>";
		};
/* End PBXGroup section */

/* Begin PBXNativeTarget section */
		25AEF49F2B9973DD000CDA57 /* OnlineCinema */ = {
			isa = PBXNativeTarget;
			buildConfigurationList = 25AEF4C42B9973E6000CDA57 /* Build configuration list for PBXNativeTarget "OnlineCinema" */;
			buildPhases = (
				25AEF49C2B9973DD000CDA57 /* Sources */,
				25AEF49D2B9973DD000CDA57 /* Frameworks */,
				25AEF49E2B9973DD000CDA57 /* Resources */,
			);
			buildRules = (
			);
			dependencies = (
			);
			name = OnlineCinema;
			productName = OnlineCinema;
			productReference = 25AEF4A02B9973DD000CDA57 /* OnlineCinema.app */;
			productType = "com.apple.product-type.application";
		};
		25AEF4AF2B9973E6000CDA57 /* OnlineCinemaTests */ = {
			isa = PBXNativeTarget;
			buildConfigurationList = 25AEF4C72B9973E6000CDA57 /* Build configuration list for PBXNativeTarget "OnlineCinemaTests" */;
			buildPhases = (
				25AEF4AC2B9973E6000CDA57 /* Sources */,
				25AEF4AD2B9973E6000CDA57 /* Frameworks */,
				25AEF4AE2B9973E6000CDA57 /* Resources */,
			);
			buildRules = (
			);
			dependencies = (
				25AEF4B22B9973E6000CDA57 /* PBXTargetDependency */,
			);
			name = OnlineCinemaTests;
			productName = OnlineCinemaTests;
			productReference = 25AEF4B02B9973E6000CDA57 /* OnlineCinemaTests.xctest */;
			productType = "com.apple.product-type.bundle.unit-test";
		};
		25AEF4B92B9973E6000CDA57 /* OnlineCinemaUITests */ = {
			isa = PBXNativeTarget;
			buildConfigurationList = 25AEF4CA2B9973E6000CDA57 /* Build configuration list for PBXNativeTarget "OnlineCinemaUITests" */;
			buildPhases = (
				25AEF4B62B9973E6000CDA57 /* Sources */,
				25AEF4B72B9973E6000CDA57 /* Frameworks */,
				25AEF4B82B9973E6000CDA57 /* Resources */,
			);
			buildRules = (
			);
			dependencies = (
				25AEF4BC2B9973E6000CDA57 /* PBXTargetDependency */,
			);
			name = OnlineCinemaUITests;
			productName = OnlineCinemaUITests;
			productReference = 25AEF4BA2B9973E6000CDA57 /* OnlineCinemaUITests.xctest */;
			productType = "com.apple.product-type.bundle.ui-testing";
		};
/* End PBXNativeTarget section */

/* Begin PBXProject section */
		25AEF4982B9973DD000CDA57 /* Project object */ = {
			isa = PBXProject;
			attributes = {
				BuildIndependentTargetsInParallel = 1;
				LastSwiftUpdateCheck = 1520;
				LastUpgradeCheck = 1520;
				TargetAttributes = {
					25AEF49F2B9973DD000CDA57 = {
						CreatedOnToolsVersion = 15.2;
					};
					25AEF4AF2B9973E6000CDA57 = {
						CreatedOnToolsVersion = 15.2;
						TestTargetID = 25AEF49F2B9973DD000CDA57;
					};
					25AEF4B92B9973E6000CDA57 = {
						CreatedOnToolsVersion = 15.2;
						TestTargetID = 25AEF49F2B9973DD000CDA57;
					};
				};
			};
			buildConfigurationList = 25AEF49B2B9973DD000CDA57 /* Build configuration list for PBXProject "OnlineCinema" */;
			compatibilityVersion = "Xcode 14.0";
			developmentRegion = en;
			hasScannedForEncodings = 0;
			knownRegions = (
				en,
				Base,
			);
			mainGroup = 25AEF4972B9973DD000CDA57;
			productRefGroup = 25AEF4A12B9973DD000CDA57 /* Products */;
			projectDirPath = "";
			projectRoot = "";
			targets = (
				25AEF49F2B9973DD000CDA57 /* OnlineCinema */,
				25AEF4AF2B9973E6000CDA57 /* OnlineCinemaTests */,
				25AEF4B92B9973E6000CDA57 /* OnlineCinemaUITests */,
			);
		};
/* End PBXProject section */

/* Begin PBXResourcesBuildPhase section */
		25AEF49E2B9973DD000CDA57 /* Resources */ = {
			isa = PBXResourcesBuildPhase;
			buildActionMask = 2147483647;
			files = (
				25AEF4AB2B9973E6000CDA57 /* Preview Assets.xcassets in Resources */,
				25AEF4A82B9973E6000CDA57 /* Assets.xcassets in Resources */,
			);
			runOnlyForDeploymentPostprocessing = 0;
		};
		25AEF4AE2B9973E6000CDA57 /* Resources */ = {
			isa = PBXResourcesBuildPhase;
			buildActionMask = 2147483647;
			files = (
			);
			runOnlyForDeploymentPostprocessing = 0;
		};
		25AEF4B82B9973E6000CDA57 /* Resources */ = {
			isa = PBXResourcesBuildPhase;
			buildActionMask = 2147483647;
			files = (
			);
			runOnlyForDeploymentPostprocessing = 0;
		};
/* End PBXResourcesBuildPhase section */

/* Begin PBXSourcesBuildPhase section */
		25AEF49C2B9973DD000CDA57 /* Sources */ = {
			isa = PBXSourcesBuildPhase;
			buildActionMask = 2147483647;
			files = (
				6A8FD5702B9F0C4800715033 /* Configuration.swift in Sources */,
				25AEF4A62B9973DD000CDA57 /* ContentView.swift in Sources */,
				6A8FD5732B9F0CC500715033 /* ApplicationLevelAssembly.swift in Sources */,
				6A8FD56D2B9F0A6600715033 /* Container.swift in Sources */,
				6A8FD56C2B9F0A6600715033 /* Assembly.swift in Sources */,
				6A8FD56E2B9F0A6600715033 /* Injectable.swift in Sources */,
				6A8FD5752B9F0E7500715033 /* AplicationConfigurator.swift in Sources */,
				25AEF4A42B9973DD000CDA57 /* OnlineCinemaApp.swift in Sources */,
			);
			runOnlyForDeploymentPostprocessing = 0;
		};
		25AEF4AC2B9973E6000CDA57 /* Sources */ = {
			isa = PBXSourcesBuildPhase;
			buildActionMask = 2147483647;
			files = (
				25AEF4B52B9973E6000CDA57 /* OnlineCinemaTests.swift in Sources */,
			);
			runOnlyForDeploymentPostprocessing = 0;
		};
		25AEF4B62B9973E6000CDA57 /* Sources */ = {
			isa = PBXSourcesBuildPhase;
			buildActionMask = 2147483647;
			files = (
				25AEF4C12B9973E6000CDA57 /* OnlineCinemaUITestsLaunchTests.swift in Sources */,
				25AEF4BF2B9973E6000CDA57 /* OnlineCinemaUITests.swift in Sources */,
			);
			runOnlyForDeploymentPostprocessing = 0;
		};
/* End PBXSourcesBuildPhase section */

/* Begin PBXTargetDependency section */
		25AEF4B22B9973E6000CDA57 /* PBXTargetDependency */ = {
			isa = PBXTargetDependency;
			target = 25AEF49F2B9973DD000CDA57 /* OnlineCinema */;
			targetProxy = 25AEF4B12B9973E6000CDA57 /* PBXContainerItemProxy */;
		};
		25AEF4BC2B9973E6000CDA57 /* PBXTargetDependency */ = {
			isa = PBXTargetDependency;
			target = 25AEF49F2B9973DD000CDA57 /* OnlineCinema */;
			targetProxy = 25AEF4BB2B9973E6000CDA57 /* PBXContainerItemProxy */;
		};
/* End PBXTargetDependency section */

/* Begin XCBuildConfiguration section */
		25AEF4C22B9973E6000CDA57 /* Debug */ = {
			isa = XCBuildConfiguration;
			buildSettings = {
				ALWAYS_SEARCH_USER_PATHS = NO;
				ASSETCATALOG_COMPILER_GENERATE_SWIFT_ASSET_SYMBOL_EXTENSIONS = YES;
				CLANG_ANALYZER_NONNULL = YES;
				CLANG_ANALYZER_NUMBER_OBJECT_CONVERSION = YES_AGGRESSIVE;
				CLANG_CXX_LANGUAGE_STANDARD = "gnu++20";
				CLANG_ENABLE_MODULES = YES;
				CLANG_ENABLE_OBJC_ARC = YES;
				CLANG_ENABLE_OBJC_WEAK = YES;
				CLANG_WARN_BLOCK_CAPTURE_AUTORELEASING = YES;
				CLANG_WARN_BOOL_CONVERSION = YES;
				CLANG_WARN_COMMA = YES;
				CLANG_WARN_CONSTANT_CONVERSION = YES;
				CLANG_WARN_DEPRECATED_OBJC_IMPLEMENTATIONS = YES;
				CLANG_WARN_DIRECT_OBJC_ISA_USAGE = YES_ERROR;
				CLANG_WARN_DOCUMENTATION_COMMENTS = YES;
				CLANG_WARN_EMPTY_BODY = YES;
				CLANG_WARN_ENUM_CONVERSION = YES;
				CLANG_WARN_INFINITE_RECURSION = YES;
				CLANG_WARN_INT_CONVERSION = YES;
				CLANG_WARN_NON_LITERAL_NULL_CONVERSION = YES;
				CLANG_WARN_OBJC_IMPLICIT_RETAIN_SELF = YES;
				CLANG_WARN_OBJC_LITERAL_CONVERSION = YES;
				CLANG_WARN_OBJC_ROOT_CLASS = YES_ERROR;
				CLANG_WARN_QUOTED_INCLUDE_IN_FRAMEWORK_HEADER = YES;
				CLANG_WARN_RANGE_LOOP_ANALYSIS = YES;
				CLANG_WARN_STRICT_PROTOTYPES = YES;
				CLANG_WARN_SUSPICIOUS_MOVE = YES;
				CLANG_WARN_UNGUARDED_AVAILABILITY = YES_AGGRESSIVE;
				CLANG_WARN_UNREACHABLE_CODE = YES;
				CLANG_WARN__DUPLICATE_METHOD_MATCH = YES;
				COPY_PHASE_STRIP = NO;
				DEBUG_INFORMATION_FORMAT = dwarf;
				ENABLE_STRICT_OBJC_MSGSEND = YES;
				ENABLE_TESTABILITY = YES;
				ENABLE_USER_SCRIPT_SANDBOXING = YES;
				GCC_C_LANGUAGE_STANDARD = gnu17;
				GCC_DYNAMIC_NO_PIC = NO;
				GCC_NO_COMMON_BLOCKS = YES;
				GCC_OPTIMIZATION_LEVEL = 0;
				GCC_PREPROCESSOR_DEFINITIONS = (
					"DEBUG=1",
					"$(inherited)",
				);
				GCC_WARN_64_TO_32_BIT_CONVERSION = YES;
				GCC_WARN_ABOUT_RETURN_TYPE = YES_ERROR;
				GCC_WARN_UNDECLARED_SELECTOR = YES;
				GCC_WARN_UNINITIALIZED_AUTOS = YES_AGGRESSIVE;
				GCC_WARN_UNUSED_FUNCTION = YES;
				GCC_WARN_UNUSED_VARIABLE = YES;
				IPHONEOS_DEPLOYMENT_TARGET = 17.2;
				LOCALIZATION_PREFERS_STRING_CATALOGS = YES;
				MTL_ENABLE_DEBUG_INFO = INCLUDE_SOURCE;
				MTL_FAST_MATH = YES;
				ONLY_ACTIVE_ARCH = YES;
				SDKROOT = iphoneos;
				SWIFT_ACTIVE_COMPILATION_CONDITIONS = "DEBUG $(inherited)";
				SWIFT_OPTIMIZATION_LEVEL = "-Onone";
			};
			name = Debug;
		};
		25AEF4C32B9973E6000CDA57 /* Release */ = {
			isa = XCBuildConfiguration;
			buildSettings = {
				ALWAYS_SEARCH_USER_PATHS = NO;
				ASSETCATALOG_COMPILER_GENERATE_SWIFT_ASSET_SYMBOL_EXTENSIONS = YES;
				CLANG_ANALYZER_NONNULL = YES;
				CLANG_ANALYZER_NUMBER_OBJECT_CONVERSION = YES_AGGRESSIVE;
				CLANG_CXX_LANGUAGE_STANDARD = "gnu++20";
				CLANG_ENABLE_MODULES = YES;
				CLANG_ENABLE_OBJC_ARC = YES;
				CLANG_ENABLE_OBJC_WEAK = YES;
				CLANG_WARN_BLOCK_CAPTURE_AUTORELEASING = YES;
				CLANG_WARN_BOOL_CONVERSION = YES;
				CLANG_WARN_COMMA = YES;
				CLANG_WARN_CONSTANT_CONVERSION = YES;
				CLANG_WARN_DEPRECATED_OBJC_IMPLEMENTATIONS = YES;
				CLANG_WARN_DIRECT_OBJC_ISA_USAGE = YES_ERROR;
				CLANG_WARN_DOCUMENTATION_COMMENTS = YES;
				CLANG_WARN_EMPTY_BODY = YES;
				CLANG_WARN_ENUM_CONVERSION = YES;
				CLANG_WARN_INFINITE_RECURSION = YES;
				CLANG_WARN_INT_CONVERSION = YES;
				CLANG_WARN_NON_LITERAL_NULL_CONVERSION = YES;
				CLANG_WARN_OBJC_IMPLICIT_RETAIN_SELF = YES;
				CLANG_WARN_OBJC_LITERAL_CONVERSION = YES;
				CLANG_WARN_OBJC_ROOT_CLASS = YES_ERROR;
				CLANG_WARN_QUOTED_INCLUDE_IN_FRAMEWORK_HEADER = YES;
				CLANG_WARN_RANGE_LOOP_ANALYSIS = YES;
				CLANG_WARN_STRICT_PROTOTYPES = YES;
				CLANG_WARN_SUSPICIOUS_MOVE = YES;
				CLANG_WARN_UNGUARDED_AVAILABILITY = YES_AGGRESSIVE;
				CLANG_WARN_UNREACHABLE_CODE = YES;
				CLANG_WARN__DUPLICATE_METHOD_MATCH = YES;
				COPY_PHASE_STRIP = NO;
				DEBUG_INFORMATION_FORMAT = "dwarf-with-dsym";
				ENABLE_NS_ASSERTIONS = NO;
				ENABLE_STRICT_OBJC_MSGSEND = YES;
				ENABLE_USER_SCRIPT_SANDBOXING = YES;
				GCC_C_LANGUAGE_STANDARD = gnu17;
				GCC_NO_COMMON_BLOCKS = YES;
				GCC_WARN_64_TO_32_BIT_CONVERSION = YES;
				GCC_WARN_ABOUT_RETURN_TYPE = YES_ERROR;
				GCC_WARN_UNDECLARED_SELECTOR = YES;
				GCC_WARN_UNINITIALIZED_AUTOS = YES_AGGRESSIVE;
				GCC_WARN_UNUSED_FUNCTION = YES;
				GCC_WARN_UNUSED_VARIABLE = YES;
				IPHONEOS_DEPLOYMENT_TARGET = 17.2;
				LOCALIZATION_PREFERS_STRING_CATALOGS = YES;
				MTL_ENABLE_DEBUG_INFO = NO;
				MTL_FAST_MATH = YES;
				SDKROOT = iphoneos;
				SWIFT_COMPILATION_MODE = wholemodule;
				VALIDATE_PRODUCT = YES;
			};
			name = Release;
		};
		25AEF4C52B9973E6000CDA57 /* Debug */ = {
			isa = XCBuildConfiguration;
			buildSettings = {
				ASSETCATALOG_COMPILER_APPICON_NAME = AppIcon;
				ASSETCATALOG_COMPILER_GLOBAL_ACCENT_COLOR_NAME = AccentColor;
				CODE_SIGN_STYLE = Automatic;
				CURRENT_PROJECT_VERSION = 1;
				DEVELOPMENT_ASSET_PATHS = "\"OnlineCinema/Preview Content\"";
				DEVELOPMENT_TEAM = U4CFHCYFQ5;
				ENABLE_PREVIEWS = YES;
				GENERATE_INFOPLIST_FILE = YES;
				INFOPLIST_KEY_UIApplicationSceneManifest_Generation = YES;
				INFOPLIST_KEY_UIApplicationSupportsIndirectInputEvents = YES;
				INFOPLIST_KEY_UILaunchScreen_Generation = YES;
				INFOPLIST_KEY_UISupportedInterfaceOrientations_iPad = "UIInterfaceOrientationPortrait UIInterfaceOrientationPortraitUpsideDown UIInterfaceOrientationLandscapeLeft UIInterfaceOrientationLandscapeRight";
				INFOPLIST_KEY_UISupportedInterfaceOrientations_iPhone = "UIInterfaceOrientationPortrait UIInterfaceOrientationLandscapeLeft UIInterfaceOrientationLandscapeRight";
				LD_RUNPATH_SEARCH_PATHS = (
					"$(inherited)",
					"@executable_path/Frameworks",
				);
				MARKETING_VERSION = 1.0;
				PRODUCT_BUNDLE_IDENTIFIER = com.test.OnlineCinema;
				PRODUCT_NAME = "$(TARGET_NAME)";
				SWIFT_EMIT_LOC_STRINGS = YES;
				SWIFT_VERSION = 5.0;
				TARGETED_DEVICE_FAMILY = "1,2";
			};
			name = Debug;
		};
		25AEF4C62B9973E6000CDA57 /* Release */ = {
			isa = XCBuildConfiguration;
			buildSettings = {
				ASSETCATALOG_COMPILER_APPICON_NAME = AppIcon;
				ASSETCATALOG_COMPILER_GLOBAL_ACCENT_COLOR_NAME = AccentColor;
				CODE_SIGN_STYLE = Automatic;
				CURRENT_PROJECT_VERSION = 1;
				DEVELOPMENT_ASSET_PATHS = "\"OnlineCinema/Preview Content\"";
				DEVELOPMENT_TEAM = U4CFHCYFQ5;
				ENABLE_PREVIEWS = YES;
				GENERATE_INFOPLIST_FILE = YES;
				INFOPLIST_KEY_UIApplicationSceneManifest_Generation = YES;
				INFOPLIST_KEY_UIApplicationSupportsIndirectInputEvents = YES;
				INFOPLIST_KEY_UILaunchScreen_Generation = YES;
				INFOPLIST_KEY_UISupportedInterfaceOrientations_iPad = "UIInterfaceOrientationPortrait UIInterfaceOrientationPortraitUpsideDown UIInterfaceOrientationLandscapeLeft UIInterfaceOrientationLandscapeRight";
				INFOPLIST_KEY_UISupportedInterfaceOrientations_iPhone = "UIInterfaceOrientationPortrait UIInterfaceOrientationLandscapeLeft UIInterfaceOrientationLandscapeRight";
				LD_RUNPATH_SEARCH_PATHS = (
					"$(inherited)",
					"@executable_path/Frameworks",
				);
				MARKETING_VERSION = 1.0;
				PRODUCT_BUNDLE_IDENTIFIER = com.test.OnlineCinema;
				PRODUCT_NAME = "$(TARGET_NAME)";
				SWIFT_EMIT_LOC_STRINGS = YES;
				SWIFT_VERSION = 5.0;
				TARGETED_DEVICE_FAMILY = "1,2";
			};
			name = Release;
		};
		25AEF4C82B9973E6000CDA57 /* Debug */ = {
			isa = XCBuildConfiguration;
			buildSettings = {
				ALWAYS_EMBED_SWIFT_STANDARD_LIBRARIES = YES;
				BUNDLE_LOADER = "$(TEST_HOST)";
				CODE_SIGN_STYLE = Automatic;
				CURRENT_PROJECT_VERSION = 1;
				DEVELOPMENT_TEAM = 766XU9HKGX;
				GENERATE_INFOPLIST_FILE = YES;
				IPHONEOS_DEPLOYMENT_TARGET = 17.2;
				MARKETING_VERSION = 1.0;
				PRODUCT_BUNDLE_IDENTIFIER = com.test.OnlineCinemaTests;
				PRODUCT_NAME = "$(TARGET_NAME)";
				SWIFT_EMIT_LOC_STRINGS = NO;
				SWIFT_VERSION = 5.0;
				TARGETED_DEVICE_FAMILY = "1,2";
				TEST_HOST = "$(BUILT_PRODUCTS_DIR)/OnlineCinema.app/$(BUNDLE_EXECUTABLE_FOLDER_PATH)/OnlineCinema";
			};
			name = Debug;
		};
		25AEF4C92B9973E6000CDA57 /* Release */ = {
			isa = XCBuildConfiguration;
			buildSettings = {
				ALWAYS_EMBED_SWIFT_STANDARD_LIBRARIES = YES;
				BUNDLE_LOADER = "$(TEST_HOST)";
				CODE_SIGN_STYLE = Automatic;
				CURRENT_PROJECT_VERSION = 1;
				DEVELOPMENT_TEAM = 766XU9HKGX;
				GENERATE_INFOPLIST_FILE = YES;
				IPHONEOS_DEPLOYMENT_TARGET = 17.2;
				MARKETING_VERSION = 1.0;
				PRODUCT_BUNDLE_IDENTIFIER = com.test.OnlineCinemaTests;
				PRODUCT_NAME = "$(TARGET_NAME)";
				SWIFT_EMIT_LOC_STRINGS = NO;
				SWIFT_VERSION = 5.0;
				TARGETED_DEVICE_FAMILY = "1,2";
				TEST_HOST = "$(BUILT_PRODUCTS_DIR)/OnlineCinema.app/$(BUNDLE_EXECUTABLE_FOLDER_PATH)/OnlineCinema";
			};
			name = Release;
		};
		25AEF4CB2B9973E6000CDA57 /* Debug */ = {
			isa = XCBuildConfiguration;
			buildSettings = {
				ALWAYS_EMBED_SWIFT_STANDARD_LIBRARIES = YES;
				CODE_SIGN_STYLE = Automatic;
				CURRENT_PROJECT_VERSION = 1;
				DEVELOPMENT_TEAM = 766XU9HKGX;
				GENERATE_INFOPLIST_FILE = YES;
				MARKETING_VERSION = 1.0;
				PRODUCT_BUNDLE_IDENTIFIER = com.test.OnlineCinemaUITests;
				PRODUCT_NAME = "$(TARGET_NAME)";
				SWIFT_EMIT_LOC_STRINGS = NO;
				SWIFT_VERSION = 5.0;
				TARGETED_DEVICE_FAMILY = "1,2";
				TEST_TARGET_NAME = OnlineCinema;
			};
			name = Debug;
		};
		25AEF4CC2B9973E6000CDA57 /* Release */ = {
			isa = XCBuildConfiguration;
			buildSettings = {
				ALWAYS_EMBED_SWIFT_STANDARD_LIBRARIES = YES;
				CODE_SIGN_STYLE = Automatic;
				CURRENT_PROJECT_VERSION = 1;
				DEVELOPMENT_TEAM = 766XU9HKGX;
				GENERATE_INFOPLIST_FILE = YES;
				MARKETING_VERSION = 1.0;
				PRODUCT_BUNDLE_IDENTIFIER = com.test.OnlineCinemaUITests;
				PRODUCT_NAME = "$(TARGET_NAME)";
				SWIFT_EMIT_LOC_STRINGS = NO;
				SWIFT_VERSION = 5.0;
				TARGETED_DEVICE_FAMILY = "1,2";
				TEST_TARGET_NAME = OnlineCinema;
			};
			name = Release;
		};
/* End XCBuildConfiguration section */

/* Begin XCConfigurationList section */
		25AEF49B2B9973DD000CDA57 /* Build configuration list for PBXProject "OnlineCinema" */ = {
			isa = XCConfigurationList;
			buildConfigurations = (
				25AEF4C22B9973E6000CDA57 /* Debug */,
				25AEF4C32B9973E6000CDA57 /* Release */,
			);
			defaultConfigurationIsVisible = 0;
			defaultConfigurationName = Release;
		};
		25AEF4C42B9973E6000CDA57 /* Build configuration list for PBXNativeTarget "OnlineCinema" */ = {
			isa = XCConfigurationList;
			buildConfigurations = (
				25AEF4C52B9973E6000CDA57 /* Debug */,
				25AEF4C62B9973E6000CDA57 /* Release */,
			);
			defaultConfigurationIsVisible = 0;
			defaultConfigurationName = Release;
		};
		25AEF4C72B9973E6000CDA57 /* Build configuration list for PBXNativeTarget "OnlineCinemaTests" */ = {
			isa = XCConfigurationList;
			buildConfigurations = (
				25AEF4C82B9973E6000CDA57 /* Debug */,
				25AEF4C92B9973E6000CDA57 /* Release */,
			);
			defaultConfigurationIsVisible = 0;
			defaultConfigurationName = Release;
		};
		25AEF4CA2B9973E6000CDA57 /* Build configuration list for PBXNativeTarget "OnlineCinemaUITests" */ = {
			isa = XCConfigurationList;
			buildConfigurations = (
				25AEF4CB2B9973E6000CDA57 /* Debug */,
				25AEF4CC2B9973E6000CDA57 /* Release */,
			);
			defaultConfigurationIsVisible = 0;
			defaultConfigurationName = Release;
		};
/* End XCConfigurationList section */
	};
	rootObject = 25AEF4982B9973DD000CDA57 /* Project object */;
}
